// !$*UTF8*$!
{
	archiveVersion = 1;
	classes = {
	};
	objectVersion = 46;
	objects = {

/* Begin PBXBuildFile section */
		F21E50D419C3F63200E51383 /* BSDBox.m in Sources */ = {isa = PBXBuildFile; fileRef = F21E50D319C3F63200E51383 /* BSDBox.m */; };
		F21E50D719C3FE1A00E51383 /* BSDNumberBox.m in Sources */ = {isa = PBXBuildFile; fileRef = F21E50D619C3FE1A00E51383 /* BSDNumberBox.m */; };
		F21E50DA19C4240D00E51383 /* BSDStringBox.m in Sources */ = {isa = PBXBuildFile; fileRef = F21E50D919C4240D00E51383 /* BSDStringBox.m */; };
		F21E50DD19C433ED00E51383 /* UIColor+HBVHarmonies.m in Sources */ = {isa = PBXBuildFile; fileRef = F21E50DB19C433ED00E51383 /* UIColor+HBVHarmonies.m */; };
		F2F5131D19B8D97C00323096 /* main.m in Sources */ = {isa = PBXBuildFile; fileRef = F2F5131C19B8D97C00323096 /* main.m */; };
		F2F5132019B8D97C00323096 /* AppDelegate.m in Sources */ = {isa = PBXBuildFile; fileRef = F2F5131F19B8D97C00323096 /* AppDelegate.m */; };
		F2F5132319B8D97C00323096 /* ViewController.m in Sources */ = {isa = PBXBuildFile; fileRef = F2F5132219B8D97C00323096 /* ViewController.m */; };
		F2F5132619B8D97C00323096 /* Main.storyboard in Resources */ = {isa = PBXBuildFile; fileRef = F2F5132419B8D97C00323096 /* Main.storyboard */; };
		F2F5132819B8D97C00323096 /* Images.xcassets in Resources */ = {isa = PBXBuildFile; fileRef = F2F5132719B8D97C00323096 /* Images.xcassets */; };
		F2F5133419B8D97C00323096 /* BlackBox_UITests.m in Sources */ = {isa = PBXBuildFile; fileRef = F2F5133319B8D97C00323096 /* BlackBox_UITests.m */; };
		F2F5133F19B8DAB800323096 /* BSDGraphBox.m in Sources */ = {isa = PBXBuildFile; fileRef = F2F5133E19B8DAB800323096 /* BSDGraphBox.m */; };
		F2F5134219B8E54400323096 /* BSDPortView.m in Sources */ = {isa = PBXBuildFile; fileRef = F2F5134119B8E54400323096 /* BSDPortView.m */; };
		F2F5138919B9031C00323096 /* BSDCanvas.m in Sources */ = {isa = PBXBuildFile; fileRef = F2F5138819B9031C00323096 /* BSDCanvas.m */; };
		F2F5138C19B90F3300323096 /* BSDPortConnection.m in Sources */ = {isa = PBXBuildFile; fileRef = F2F5138B19B90F3300323096 /* BSDPortConnection.m */; };
		F2F5138F19B91DC600323096 /* BSDCanvasCompiler.m in Sources */ = {isa = PBXBuildFile; fileRef = F2F5138E19B91DC600323096 /* BSDCanvasCompiler.m */; };
		F2F5139219B927A700323096 /* BSDObjectDescription.m in Sources */ = {isa = PBXBuildFile; fileRef = F2F5139119B927A700323096 /* BSDObjectDescription.m */; };
		F2F5139519B92C9600323096 /* BSDPortConnectionDescription.m in Sources */ = {isa = PBXBuildFile; fileRef = F2F5139419B92C9600323096 /* BSDPortConnectionDescription.m */; };
		F2F5139819B9342400323096 /* BSDCompiledPatch.m in Sources */ = {isa = PBXBuildFile; fileRef = F2F5139719B9342400323096 /* BSDCompiledPatch.m */; };
/* End PBXBuildFile section */

/* Begin PBXContainerItemProxy section */
		F2F5132E19B8D97C00323096 /* PBXContainerItemProxy */ = {
			isa = PBXContainerItemProxy;
			containerPortal = F2F5130F19B8D97C00323096 /* Project object */;
			proxyType = 1;
			remoteGlobalIDString = F2F5131619B8D97C00323096;
			remoteInfo = BlackBox.UI;
		};
/* End PBXContainerItemProxy section */

/* Begin PBXFileReference section */
		F21E50D219C3F63200E51383 /* BSDBox.h */ = {isa = PBXFileReference; fileEncoding = 4; lastKnownFileType = sourcecode.c.h; path = BSDBox.h; sourceTree = "<group>"; };
		F21E50D319C3F63200E51383 /* BSDBox.m */ = {isa = PBXFileReference; fileEncoding = 4; lastKnownFileType = sourcecode.c.objc; path = BSDBox.m; sourceTree = "<group>"; };
		F21E50D519C3FE1A00E51383 /* BSDNumberBox.h */ = {isa = PBXFileReference; fileEncoding = 4; lastKnownFileType = sourcecode.c.h; path = BSDNumberBox.h; sourceTree = "<group>"; };
		F21E50D619C3FE1A00E51383 /* BSDNumberBox.m */ = {isa = PBXFileReference; fileEncoding = 4; lastKnownFileType = sourcecode.c.objc; path = BSDNumberBox.m; sourceTree = "<group>"; };
		F21E50D819C4240D00E51383 /* BSDStringBox.h */ = {isa = PBXFileReference; fileEncoding = 4; lastKnownFileType = sourcecode.c.h; path = BSDStringBox.h; sourceTree = "<group>"; };
		F21E50D919C4240D00E51383 /* BSDStringBox.m */ = {isa = PBXFileReference; fileEncoding = 4; lastKnownFileType = sourcecode.c.objc; path = BSDStringBox.m; sourceTree = "<group>"; };
		F21E50DB19C433ED00E51383 /* UIColor+HBVHarmonies.m */ = {isa = PBXFileReference; fileEncoding = 4; lastKnownFileType = sourcecode.c.objc; path = "UIColor+HBVHarmonies.m"; sourceTree = "<group>"; };
		F21E50DC19C433ED00E51383 /* UIColor+HBVHarmonies.h */ = {isa = PBXFileReference; fileEncoding = 4; lastKnownFileType = sourcecode.c.h; path = "UIColor+HBVHarmonies.h"; sourceTree = "<group>"; };
		F2F5131719B8D97C00323096 /* BlackBox.UI.app */ = {isa = PBXFileReference; explicitFileType = wrapper.application; includeInIndex = 0; path = BlackBox.UI.app; sourceTree = BUILT_PRODUCTS_DIR; };
		F2F5131B19B8D97C00323096 /* Info.plist */ = {isa = PBXFileReference; lastKnownFileType = text.plist.xml; path = Info.plist; sourceTree = "<group>"; };
		F2F5131C19B8D97C00323096 /* main.m */ = {isa = PBXFileReference; lastKnownFileType = sourcecode.c.objc; path = main.m; sourceTree = "<group>"; };
		F2F5131E19B8D97C00323096 /* AppDelegate.h */ = {isa = PBXFileReference; lastKnownFileType = sourcecode.c.h; path = AppDelegate.h; sourceTree = "<group>"; };
		F2F5131F19B8D97C00323096 /* AppDelegate.m */ = {isa = PBXFileReference; lastKnownFileType = sourcecode.c.objc; path = AppDelegate.m; sourceTree = "<group>"; };
		F2F5132119B8D97C00323096 /* ViewController.h */ = {isa = PBXFileReference; lastKnownFileType = sourcecode.c.h; path = ViewController.h; sourceTree = "<group>"; };
		F2F5132219B8D97C00323096 /* ViewController.m */ = {isa = PBXFileReference; lastKnownFileType = sourcecode.c.objc; path = ViewController.m; sourceTree = "<group>"; };
		F2F5132519B8D97C00323096 /* Base */ = {isa = PBXFileReference; lastKnownFileType = file.storyboard; name = Base; path = Base.lproj/Main.storyboard; sourceTree = "<group>"; };
		F2F5132719B8D97C00323096 /* Images.xcassets */ = {isa = PBXFileReference; lastKnownFileType = folder.assetcatalog; path = Images.xcassets; sourceTree = "<group>"; };
		F2F5132D19B8D97C00323096 /* BlackBox.UITests.xctest */ = {isa = PBXFileReference; explicitFileType = wrapper.cfbundle; includeInIndex = 0; path = BlackBox.UITests.xctest; sourceTree = BUILT_PRODUCTS_DIR; };
		F2F5133219B8D97C00323096 /* Info.plist */ = {isa = PBXFileReference; lastKnownFileType = text.plist.xml; path = Info.plist; sourceTree = "<group>"; };
		F2F5133319B8D97C00323096 /* BlackBox_UITests.m */ = {isa = PBXFileReference; lastKnownFileType = sourcecode.c.objc; path = BlackBox_UITests.m; sourceTree = "<group>"; };
		F2F5133D19B8DAB800323096 /* BSDGraphBox.h */ = {isa = PBXFileReference; fileEncoding = 4; lastKnownFileType = sourcecode.c.h; path = BSDGraphBox.h; sourceTree = "<group>"; };
		F2F5133E19B8DAB800323096 /* BSDGraphBox.m */ = {isa = PBXFileReference; fileEncoding = 4; lastKnownFileType = sourcecode.c.objc; path = BSDGraphBox.m; sourceTree = "<group>"; };
		F2F5134019B8E54400323096 /* BSDPortView.h */ = {isa = PBXFileReference; fileEncoding = 4; lastKnownFileType = sourcecode.c.h; path = BSDPortView.h; sourceTree = "<group>"; };
		F2F5134119B8E54400323096 /* BSDPortView.m */ = {isa = PBXFileReference; fileEncoding = 4; lastKnownFileType = sourcecode.c.objc; path = BSDPortView.m; sourceTree = "<group>"; };
		F2F5138719B9031C00323096 /* BSDCanvas.h */ = {isa = PBXFileReference; fileEncoding = 4; lastKnownFileType = sourcecode.c.h; path = BSDCanvas.h; sourceTree = "<group>"; };
		F2F5138819B9031C00323096 /* BSDCanvas.m */ = {isa = PBXFileReference; fileEncoding = 4; lastKnownFileType = sourcecode.c.objc; path = BSDCanvas.m; sourceTree = "<group>"; };
		F2F5138A19B90F3300323096 /* BSDPortConnection.h */ = {isa = PBXFileReference; fileEncoding = 4; lastKnownFileType = sourcecode.c.h; path = BSDPortConnection.h; sourceTree = "<group>"; };
		F2F5138B19B90F3300323096 /* BSDPortConnection.m */ = {isa = PBXFileReference; fileEncoding = 4; lastKnownFileType = sourcecode.c.objc; path = BSDPortConnection.m; sourceTree = "<group>"; };
		F2F5138D19B91DC600323096 /* BSDCanvasCompiler.h */ = {isa = PBXFileReference; fileEncoding = 4; lastKnownFileType = sourcecode.c.h; path = BSDCanvasCompiler.h; sourceTree = "<group>"; };
		F2F5138E19B91DC600323096 /* BSDCanvasCompiler.m */ = {isa = PBXFileReference; fileEncoding = 4; lastKnownFileType = sourcecode.c.objc; path = BSDCanvasCompiler.m; sourceTree = "<group>"; };
		F2F5139019B927A700323096 /* BSDObjectDescription.h */ = {isa = PBXFileReference; fileEncoding = 4; lastKnownFileType = sourcecode.c.h; path = BSDObjectDescription.h; sourceTree = "<group>"; };
		F2F5139119B927A700323096 /* BSDObjectDescription.m */ = {isa = PBXFileReference; fileEncoding = 4; lastKnownFileType = sourcecode.c.objc; path = BSDObjectDescription.m; sourceTree = "<group>"; };
		F2F5139319B92C9600323096 /* BSDPortConnectionDescription.h */ = {isa = PBXFileReference; fileEncoding = 4; lastKnownFileType = sourcecode.c.h; path = BSDPortConnectionDescription.h; sourceTree = "<group>"; };
		F2F5139419B92C9600323096 /* BSDPortConnectionDescription.m */ = {isa = PBXFileReference; fileEncoding = 4; lastKnownFileType = sourcecode.c.objc; path = BSDPortConnectionDescription.m; sourceTree = "<group>"; };
		F2F5139619B9342400323096 /* BSDCompiledPatch.h */ = {isa = PBXFileReference; fileEncoding = 4; lastKnownFileType = sourcecode.c.h; path = BSDCompiledPatch.h; sourceTree = "<group>"; };
		F2F5139719B9342400323096 /* BSDCompiledPatch.m */ = {isa = PBXFileReference; fileEncoding = 4; lastKnownFileType = sourcecode.c.objc; path = BSDCompiledPatch.m; sourceTree = "<group>"; };
/* End PBXFileReference section */

/* Begin PBXFrameworksBuildPhase section */
		F2F5131419B8D97C00323096 /* Frameworks */ = {
			isa = PBXFrameworksBuildPhase;
			buildActionMask = 2147483647;
			files = (
			);
			runOnlyForDeploymentPostprocessing = 0;
		};
		F2F5132A19B8D97C00323096 /* Frameworks */ = {
			isa = PBXFrameworksBuildPhase;
			buildActionMask = 2147483647;
			files = (
			);
			runOnlyForDeploymentPostprocessing = 0;
		};
/* End PBXFrameworksBuildPhase section */

/* Begin PBXGroup section */
		F2F5130E19B8D97C00323096 = {
			isa = PBXGroup;
			children = (
				F2F5131919B8D97C00323096 /* BlackBox.UI */,
				F2F5133019B8D97C00323096 /* BlackBox.UITests */,
				F2F5131819B8D97C00323096 /* Products */,
			);
			sourceTree = "<group>";
		};
		F2F5131819B8D97C00323096 /* Products */ = {
			isa = PBXGroup;
			children = (
				F2F5131719B8D97C00323096 /* BlackBox.UI.app */,
				F2F5132D19B8D97C00323096 /* BlackBox.UITests.xctest */,
			);
			name = Products;
			sourceTree = "<group>";
		};
		F2F5131919B8D97C00323096 /* BlackBox.UI */ = {
			isa = PBXGroup;
			children = (
				F21E50DC19C433ED00E51383 /* UIColor+HBVHarmonies.h */,
				F21E50DB19C433ED00E51383 /* UIColor+HBVHarmonies.m */,
				F2F5131E19B8D97C00323096 /* AppDelegate.h */,
				F2F5131F19B8D97C00323096 /* AppDelegate.m */,
				F2F5132119B8D97C00323096 /* ViewController.h */,
				F2F5132219B8D97C00323096 /* ViewController.m */,
				F2F5138719B9031C00323096 /* BSDCanvas.h */,
				F2F5138819B9031C00323096 /* BSDCanvas.m */,
				F21E50D219C3F63200E51383 /* BSDBox.h */,
				F21E50D319C3F63200E51383 /* BSDBox.m */,
				F21E50D819C4240D00E51383 /* BSDStringBox.h */,
				F21E50D919C4240D00E51383 /* BSDStringBox.m */,
				F21E50D519C3FE1A00E51383 /* BSDNumberBox.h */,
				F21E50D619C3FE1A00E51383 /* BSDNumberBox.m */,
				F2F5133D19B8DAB800323096 /* BSDGraphBox.h */,
				F2F5133E19B8DAB800323096 /* BSDGraphBox.m */,
				F2F5134019B8E54400323096 /* BSDPortView.h */,
				F2F5134119B8E54400323096 /* BSDPortView.m */,
				F2F5138A19B90F3300323096 /* BSDPortConnection.h */,
				F2F5138B19B90F3300323096 /* BSDPortConnection.m */,
				F2F5138D19B91DC600323096 /* BSDCanvasCompiler.h */,
				F2F5138E19B91DC600323096 /* BSDCanvasCompiler.m */,
				F2F5139019B927A700323096 /* BSDObjectDescription.h */,
				F2F5139119B927A700323096 /* BSDObjectDescription.m */,
				F2F5139319B92C9600323096 /* BSDPortConnectionDescription.h */,
				F2F5139419B92C9600323096 /* BSDPortConnectionDescription.m */,
				F2F5139619B9342400323096 /* BSDCompiledPatch.h */,
				F2F5139719B9342400323096 /* BSDCompiledPatch.m */,
				F2F5132419B8D97C00323096 /* Main.storyboard */,
				F2F5132719B8D97C00323096 /* Images.xcassets */,
				F2F5131A19B8D97C00323096 /* Supporting Files */,
			);
			path = BlackBox.UI;
			sourceTree = "<group>";
		};
		F2F5131A19B8D97C00323096 /* Supporting Files */ = {
			isa = PBXGroup;
			children = (
				F2F5131B19B8D97C00323096 /* Info.plist */,
				F2F5131C19B8D97C00323096 /* main.m */,
			);
			name = "Supporting Files";
			sourceTree = "<group>";
		};
		F2F5133019B8D97C00323096 /* BlackBox.UITests */ = {
			isa = PBXGroup;
			children = (
				F2F5133319B8D97C00323096 /* BlackBox_UITests.m */,
				F2F5133119B8D97C00323096 /* Supporting Files */,
			);
			path = BlackBox.UITests;
			sourceTree = "<group>";
		};
		F2F5133119B8D97C00323096 /* Supporting Files */ = {
			isa = PBXGroup;
			children = (
				F2F5133219B8D97C00323096 /* Info.plist */,
			);
			name = "Supporting Files";
			sourceTree = "<group>";
		};
/* End PBXGroup section */

/* Begin PBXNativeTarget section */
		F2F5131619B8D97C00323096 /* BlackBox.UI */ = {
			isa = PBXNativeTarget;
			buildConfigurationList = F2F5133719B8D97C00323096 /* Build configuration list for PBXNativeTarget "BlackBox.UI" */;
			buildPhases = (
				F2F5131319B8D97C00323096 /* Sources */,
				F2F5131419B8D97C00323096 /* Frameworks */,
				F2F5131519B8D97C00323096 /* Resources */,
			);
			buildRules = (
			);
			dependencies = (
			);
			name = BlackBox.UI;
			productName = BlackBox.UI;
			productReference = F2F5131719B8D97C00323096 /* BlackBox.UI.app */;
			productType = "com.apple.product-type.application";
		};
		F2F5132C19B8D97C00323096 /* BlackBox.UITests */ = {
			isa = PBXNativeTarget;
			buildConfigurationList = F2F5133A19B8D97C00323096 /* Build configuration list for PBXNativeTarget "BlackBox.UITests" */;
			buildPhases = (
				F2F5132919B8D97C00323096 /* Sources */,
				F2F5132A19B8D97C00323096 /* Frameworks */,
				F2F5132B19B8D97C00323096 /* Resources */,
			);
			buildRules = (
			);
			dependencies = (
				F2F5132F19B8D97C00323096 /* PBXTargetDependency */,
			);
			name = BlackBox.UITests;
			productName = BlackBox.UITests;
			productReference = F2F5132D19B8D97C00323096 /* BlackBox.UITests.xctest */;
			productType = "com.apple.product-type.bundle.unit-test";
		};
/* End PBXNativeTarget section */

/* Begin PBXProject section */
		F2F5130F19B8D97C00323096 /* Project object */ = {
			isa = PBXProject;
			attributes = {
				LastUpgradeCheck = 0600;
				ORGANIZATIONNAME = "birdSound LLC";
				TargetAttributes = {
					F2F5131619B8D97C00323096 = {
						CreatedOnToolsVersion = 6.0;
					};
					F2F5132C19B8D97C00323096 = {
						CreatedOnToolsVersion = 6.0;
						TestTargetID = F2F5131619B8D97C00323096;
					};
				};
			};
			buildConfigurationList = F2F5131219B8D97C00323096 /* Build configuration list for PBXProject "BlackBox.UI" */;
			compatibilityVersion = "Xcode 3.2";
			developmentRegion = English;
			hasScannedForEncodings = 0;
			knownRegions = (
				en,
				Base,
			);
			mainGroup = F2F5130E19B8D97C00323096;
			productRefGroup = F2F5131819B8D97C00323096 /* Products */;
			projectDirPath = "";
			projectRoot = "";
			targets = (
				F2F5131619B8D97C00323096 /* BlackBox.UI */,
				F2F5132C19B8D97C00323096 /* BlackBox.UITests */,
			);
		};
/* End PBXProject section */

/* Begin PBXResourcesBuildPhase section */
		F2F5131519B8D97C00323096 /* Resources */ = {
			isa = PBXResourcesBuildPhase;
			buildActionMask = 2147483647;
			files = (
				F2F5132619B8D97C00323096 /* Main.storyboard in Resources */,
				F2F5132819B8D97C00323096 /* Images.xcassets in Resources */,
			);
			runOnlyForDeploymentPostprocessing = 0;
		};
		F2F5132B19B8D97C00323096 /* Resources */ = {
			isa = PBXResourcesBuildPhase;
			buildActionMask = 2147483647;
			files = (
			);
			runOnlyForDeploymentPostprocessing = 0;
		};
/* End PBXResourcesBuildPhase section */

/* Begin PBXSourcesBuildPhase section */
		F2F5131319B8D97C00323096 /* Sources */ = {
			isa = PBXSourcesBuildPhase;
			buildActionMask = 2147483647;
			files = (
				F2F5133F19B8DAB800323096 /* BSDGraphBox.m in Sources */,
				F21E50D419C3F63200E51383 /* BSDBox.m in Sources */,
				F21E50D719C3FE1A00E51383 /* BSDNumberBox.m in Sources */,
				F2F5138C19B90F3300323096 /* BSDPortConnection.m in Sources */,
				F2F5132319B8D97C00323096 /* ViewController.m in Sources */,
				F2F5134219B8E54400323096 /* BSDPortView.m in Sources */,
				F21E50DA19C4240D00E51383 /* BSDStringBox.m in Sources */,
				F2F5139219B927A700323096 /* BSDObjectDescription.m in Sources */,
				F2F5138919B9031C00323096 /* BSDCanvas.m in Sources */,
				F2F5138F19B91DC600323096 /* BSDCanvasCompiler.m in Sources */,
				F21E50DD19C433ED00E51383 /* UIColor+HBVHarmonies.m in Sources */,
				F2F5139819B9342400323096 /* BSDCompiledPatch.m in Sources */,
				F2F5132019B8D97C00323096 /* AppDelegate.m in Sources */,
				F2F5139519B92C9600323096 /* BSDPortConnectionDescription.m in Sources */,
				F2F5131D19B8D97C00323096 /* main.m in Sources */,
			);
			runOnlyForDeploymentPostprocessing = 0;
		};
		F2F5132919B8D97C00323096 /* Sources */ = {
			isa = PBXSourcesBuildPhase;
			buildActionMask = 2147483647;
			files = (
				F2F5133419B8D97C00323096 /* BlackBox_UITests.m in Sources */,
			);
			runOnlyForDeploymentPostprocessing = 0;
		};
/* End PBXSourcesBuildPhase section */

/* Begin PBXTargetDependency section */
		F2F5132F19B8D97C00323096 /* PBXTargetDependency */ = {
			isa = PBXTargetDependency;
			target = F2F5131619B8D97C00323096 /* BlackBox.UI */;
			targetProxy = F2F5132E19B8D97C00323096 /* PBXContainerItemProxy */;
		};
/* End PBXTargetDependency section */

/* Begin PBXVariantGroup section */
		F2F5132419B8D97C00323096 /* Main.storyboard */ = {
			isa = PBXVariantGroup;
			children = (
				F2F5132519B8D97C00323096 /* Base */,
			);
			name = Main.storyboard;
			sourceTree = "<group>";
		};
/* End PBXVariantGroup section */

/* Begin XCBuildConfiguration section */
		F2F5133519B8D97C00323096 /* Debug */ = {
			isa = XCBuildConfiguration;
			buildSettings = {
				ALWAYS_SEARCH_USER_PATHS = NO;
				CLANG_CXX_LANGUAGE_STANDARD = "gnu++0x";
				CLANG_CXX_LIBRARY = "libc++";
				CLANG_ENABLE_MODULES = YES;
				CLANG_ENABLE_OBJC_ARC = YES;
				CLANG_WARN_BOOL_CONVERSION = YES;
				CLANG_WARN_CONSTANT_CONVERSION = YES;
				CLANG_WARN_DIRECT_OBJC_ISA_USAGE = YES_ERROR;
				CLANG_WARN_EMPTY_BODY = YES;
				CLANG_WARN_ENUM_CONVERSION = YES;
				CLANG_WARN_INT_CONVERSION = YES;
				CLANG_WARN_OBJC_ROOT_CLASS = YES_ERROR;
				CLANG_WARN_UNREACHABLE_CODE = YES;
				CLANG_WARN__DUPLICATE_METHOD_MATCH = YES;
				"CODE_SIGN_IDENTITY[sdk=iphoneos*]" = "iPhone Developer";
				COPY_PHASE_STRIP = NO;
				ENABLE_STRICT_OBJC_MSGSEND = YES;
				GCC_C_LANGUAGE_STANDARD = gnu99;
				GCC_DYNAMIC_NO_PIC = NO;
				GCC_OPTIMIZATION_LEVEL = 0;
				GCC_PREPROCESSOR_DEFINITIONS = (
					"DEBUG=1",
					"$(inherited)",
				);
				GCC_SYMBOLS_PRIVATE_EXTERN = NO;
				GCC_WARN_64_TO_32_BIT_CONVERSION = YES;
				GCC_WARN_ABOUT_RETURN_TYPE = YES_ERROR;
				GCC_WARN_UNDECLARED_SELECTOR = YES;
				GCC_WARN_UNINITIALIZED_AUTOS = YES_AGGRESSIVE;
				GCC_WARN_UNUSED_FUNCTION = YES;
				GCC_WARN_UNUSED_VARIABLE = YES;
				IPHONEOS_DEPLOYMENT_TARGET = 8.0;
				METAL_ENABLE_DEBUG_INFO = YES;
				ONLY_ACTIVE_ARCH = YES;
				SDKROOT = iphoneos;
				TARGETED_DEVICE_FAMILY = 2;
			};
			name = Debug;
		};
		F2F5133619B8D97C00323096 /* Release */ = {
			isa = XCBuildConfiguration;
			buildSettings = {
				ALWAYS_SEARCH_USER_PATHS = NO;
				CLANG_CXX_LANGUAGE_STANDARD = "gnu++0x";
				CLANG_CXX_LIBRARY = "libc++";
				CLANG_ENABLE_MODULES = YES;
				CLANG_ENABLE_OBJC_ARC = YES;
				CLANG_WARN_BOOL_CONVERSION = YES;
				CLANG_WARN_CONSTANT_CONVERSION = YES;
				CLANG_WARN_DIRECT_OBJC_ISA_USAGE = YES_ERROR;
				CLANG_WARN_EMPTY_BODY = YES;
				CLANG_WARN_ENUM_CONVERSION = YES;
				CLANG_WARN_INT_CONVERSION = YES;
				CLANG_WARN_OBJC_ROOT_CLASS = YES_ERROR;
				CLANG_WARN_UNREACHABLE_CODE = YES;
				CLANG_WARN__DUPLICATE_METHOD_MATCH = YES;
				"CODE_SIGN_IDENTITY[sdk=iphoneos*]" = "iPhone Developer";
				COPY_PHASE_STRIP = YES;
				ENABLE_NS_ASSERTIONS = NO;
				ENABLE_STRICT_OBJC_MSGSEND = YES;
				GCC_C_LANGUAGE_STANDARD = gnu99;
				GCC_WARN_64_TO_32_BIT_CONVERSION = YES;
				GCC_WARN_ABOUT_RETURN_TYPE = YES_ERROR;
				GCC_WARN_UNDECLARED_SELECTOR = YES;
				GCC_WARN_UNINITIALIZED_AUTOS = YES_AGGRESSIVE;
				GCC_WARN_UNUSED_FUNCTION = YES;
				GCC_WARN_UNUSED_VARIABLE = YES;
				IPHONEOS_DEPLOYMENT_TARGET = 8.0;
				METAL_ENABLE_DEBUG_INFO = NO;
				SDKROOT = iphoneos;
				TARGETED_DEVICE_FAMILY = 2;
				VALIDATE_PRODUCT = YES;
			};
			name = Release;
		};
		F2F5133819B8D97C00323096 /* Debug */ = {
			isa = XCBuildConfiguration;
			buildSettings = {
				ASSETCATALOG_COMPILER_APPICON_NAME = AppIcon;
				ASSETCATALOG_COMPILER_LAUNCHIMAGE_NAME = LaunchImage;
				INFOPLIST_FILE = BlackBox.UI/Info.plist;
				IPHONEOS_DEPLOYMENT_TARGET = 7.0;
				LD_RUNPATH_SEARCH_PATHS = "$(inherited) @executable_path/Frameworks";
				PRODUCT_NAME = "$(TARGET_NAME)";
			};
			name = Debug;
		};
		F2F5133919B8D97C00323096 /* Release */ = {
			isa = XCBuildConfiguration;
			buildSettings = {
				ASSETCATALOG_COMPILER_APPICON_NAME = AppIcon;
				ASSETCATALOG_COMPILER_LAUNCHIMAGE_NAME = LaunchImage;
				INFOPLIST_FILE = BlackBox.UI/Info.plist;
				IPHONEOS_DEPLOYMENT_TARGET = 7.0;
				LD_RUNPATH_SEARCH_PATHS = "$(inherited) @executable_path/Frameworks";
				PRODUCT_NAME = "$(TARGET_NAME)";
			};
			name = Release;
		};
		F2F5133B19B8D97C00323096 /* Debug */ = {
			isa = XCBuildConfiguration;
			buildSettings = {
				BUNDLE_LOADER = "$(BUILT_PRODUCTS_DIR)/BlackBox.UI.app/BlackBox.UI";
				FRAMEWORK_SEARCH_PATHS = (
					"$(SDKROOT)/Developer/Library/Frameworks",
					"$(inherited)",
				);
				GCC_PREPROCESSOR_DEFINITIONS = (
					"DEBUG=1",
					"$(inherited)",
				);
				INFOPLIST_FILE = BlackBox.UITests/Info.plist;
				LD_RUNPATH_SEARCH_PATHS = "$(inherited) @executable_path/Frameworks @loader_path/Frameworks";
				METAL_ENABLE_DEBUG_INFO = YES;
				PRODUCT_NAME = "$(TARGET_NAME)";
				TEST_HOST = "$(BUNDLE_LOADER)";
			};
			name = Debug;
		};
		F2F5133C19B8D97C00323096 /* Release */ = {
			isa = XCBuildConfiguration;
			buildSettings = {
				BUNDLE_LOADER = "$(BUILT_PRODUCTS_DIR)/BlackBox.UI.app/BlackBox.UI";
				FRAMEWORK_SEARCH_PATHS = (
					"$(SDKROOT)/Developer/Library/Frameworks",
					"$(inherited)",
				);
				INFOPLIST_FILE = BlackBox.UITests/Info.plist;
				LD_RUNPATH_SEARCH_PATHS = "$(inherited) @executable_path/Frameworks @loader_path/Frameworks";
				METAL_ENABLE_DEBUG_INFO = NO;
				PRODUCT_NAME = "$(TARGET_NAME)";
				TEST_HOST = "$(BUNDLE_LOADER)";
			};
			name = Release;
		};
/* End XCBuildConfiguration section */

/* Begin XCConfigurationList section */
		F2F5131219B8D97C00323096 /* Build configuration list for PBXProject "BlackBox.UI" */ = {
			isa = XCConfigurationList;
			buildConfigurations = (
				F2F5133519B8D97C00323096 /* Debug */,
				F2F5133619B8D97C00323096 /* Release */,
			);
			defaultConfigurationIsVisible = 0;
			defaultConfigurationName = Release;
		};
		F2F5133719B8D97C00323096 /* Build configuration list for PBXNativeTarget "BlackBox.UI" */ = {
			isa = XCConfigurationList;
			buildConfigurations = (
				F2F5133819B8D97C00323096 /* Debug */,
				F2F5133919B8D97C00323096 /* Release */,
			);
			defaultConfigurationIsVisible = 0;
			defaultConfigurationName = Release;
		};
		F2F5133A19B8D97C00323096 /* Build configuration list for PBXNativeTarget "BlackBox.UITests" */ = {
			isa = XCConfigurationList;
			buildConfigurations = (
				F2F5133B19B8D97C00323096 /* Debug */,
				F2F5133C19B8D97C00323096 /* Release */,
			);
			defaultConfigurationIsVisible = 0;
			defaultConfigurationName = Release;
		};
/* End XCConfigurationList section */
	};
	rootObject = F2F5130F19B8D97C00323096 /* Project object */;
}
